<?xml version="1.0" encoding="utf-8"?>
<Project ToolsVersion="4.0" xmlns="http://schemas.microsoft.com/developer/msbuild/2003">
  <ItemGroup>
    <Filter Include="Source">
      <UniqueIdentifier>{4FC737F1-C7A5-4376-A066-2A32D752A2FF}</UniqueIdentifier>
      <Extensions>cpp;c;cc;cxx;c++;cppm;ixx;def;odl;idl;hpj;bat;asm;asmx</Extensions>
    </Filter>
    <Filter Include="Source\Launcher">
      <UniqueIdentifier>{cd7a1051-eb8c-4fea-8d0b-b331dee46fcb}</UniqueIdentifier>
    </Filter>
    <Filter Include="Source\Launcher\private">
      <UniqueIdentifier>{63ce628e-c414-4428-9083-5ac659810441}</UniqueIdentifier>
    </Filter>
    <Filter Include="Source\Launcher\public">
      <UniqueIdentifier>{f390fd02-6c8c-465a-a445-e58ebef5645f}</UniqueIdentifier>
    </Filter>
  </ItemGroup>
  <ItemGroup>
    <ClCompile Include="Application.cpp">
      <Filter>Source\Launcher</Filter>
    </ClCompile>
    <ClCompile Include="Windows.cpp">
      <Filter>Source\Launcher\private</Filter>
    </ClCompile>
  </ItemGroup>
  <ItemGroup>
    <ClInclude Include="Windows.hpp">
      <Filter>Source\Launcher\public</Filter>
    </ClInclude>
  </ItemGroup>
</Project>